
Microsoft Visual Studio Solution File, Format Version 12.00
# Visual Studio Version 17
VisualStudioVersion = 17.3.32901.215
MinimumVisualStudioVersion = 10.0.40219.1
Project("{FAE04EC0-301F-11D3-BF4B-00C04F79EFBC}") = "Xenon", "Xenon\Xenon.csproj", "{CAFDD6DF-F37A-4DA6-8CD2-F83565FB2FAB}"
EndProject
Global
	GlobalSection(SolutionConfigurationPlatforms) = preSolution
		Debug|Any CPU = Debug|Any CPU
		Release|Any CPU = Release|Any CPU
	EndGlobalSection
	GlobalSection(ProjectConfigurationPlatforms) = postSolution
		{CAFDD6DF-F37A-4DA6-8CD2-F83565FB2FAB}.Debug|Any CPU.ActiveCfg = Debug|Any CPU
		{CAFDD6DF-F37A-4DA6-8CD2-F83565FB2FAB}.Debug|Any CPU.Build.0 = Debug|Any CPU
		{CAFDD6DF-F37A-4DA6-8CD2-F83565FB2FAB}.Release|Any CPU.ActiveCfg = Release|Any CPU
		{CAFDD6DF-F37A-4DA6-8CD2-F83565FB2FAB}.Release|Any CPU.Build.0 = Release|Any CPU
	EndGlobalSection
	GlobalSection(SolutionProperties) = preSolution
		HideSolutionNode = FALSE
	EndGlobalSection
	GlobalSection(ExtensibilityGlobals) = postSolution
		SolutionGuid = {AF044C6B-CCE9-435F-A10E-37EA172E9C45}
	EndGlobalSection
EndGlobal
